Microsoft Visual Studio Solution File, Format Version 12.00
# Visual Studio Version 17
VisualStudioVersion = 17.5.2.0
MinimumVisualStudioVersion = 10.0.40219.1
Project("{FAE04EC0-301F-11D3-BF4B-00C04F79EFBC}") = "projet_C#", "projet_C#.csproj", "{EAAEA8D9-74F1-7607-29FA-F0B2D10EBB1D}"
EndProject
Global
	GlobalSection(SolutionConfigurationPlatforms) = preSolution
		Debug|Any CPU = Debug|Any CPU
		Release|Any CPU = Release|Any CPU
	EndGlobalSection
	GlobalSection(ProjectConfigurationPlatforms) = postSolution
		{EAAEA8D9-74F1-7607-29FA-F0B2D10EBB1D}.Debug|Any CPU.ActiveCfg = Debug|Any CPU
		{EAAEA8D9-74F1-7607-29FA-F0B2D10EBB1D}.Debug|Any CPU.Build.0 = Debug|Any CPU
		{EAAEA8D9-74F1-7607-29FA-F0B2D10EBB1D}.Release|Any CPU.ActiveCfg = Release|Any CPU
		{EAAEA8D9-74F1-7607-29FA-F0B2D10EBB1D}.Release|Any CPU.Build.0 = Release|Any CPU
	EndGlobalSection
	GlobalSection(SolutionProperties) = preSolution
		HideSolutionNode = FALSE
	EndGlobalSection
	GlobalSection(ExtensibilityGlobals) = postSolution
		SolutionGuid = {92983B02-72C7-47DD-BFC0-2FF8DD098C74}
	EndGlobalSection
EndGlobal
